
Microsoft Visual Studio Solution File, Format Version 12.00
# Visual Studio 14
VisualStudioVersion = 14.0.25420.1
MinimumVisualStudioVersion = 10.0.40219.1
Project("{8BC9CEB8-8B4A-11D0-8D11-00A0C91BC942}") = "hello_ig", "hello_ig.vcxproj", "{DDD653F3-D44C-42DC-88C8-0A869F38F6BB}"
EndProject
Global
	GlobalSection(SolutionConfigurationPlatforms) = preSolution
		Debug|x64 = Debug|x64
		Debug|x86 = Debug|x86
		Release|x64 = Release|x64
		Release|x86 = Release|x86
	EndGlobalSection
	GlobalSection(ProjectConfigurationPlatforms) = postSolution
		{DDD653F3-D44C-42DC-88C8-0A869F38F6BB}.Debug|x64.ActiveCfg = Debug|x64
		{DDD653F3-D44C-42DC-88C8-0A869F38F6BB}.Debug|x64.Build.0 = Debug|x64
		{DDD653F3-D44C-42DC-88C8-0A869F38F6BB}.Debug|x86.ActiveCfg = Debug|Win32
		{DDD653F3-D44C-42DC-88C8-0A869F38F6BB}.Debug|x86.Build.0 = Debug|Win32
		{DDD653F3-D44C-42DC-88C8-0A869F38F6BB}.Release|x64.ActiveCfg = Release|x64
		{DDD653F3-D44C-42DC-88C8-0A869F38F6BB}.Release|x64.Build.0 = Release|x64
		{DDD653F3-D44C-42DC-88C8-0A869F38F6BB}.Release|x86.ActiveCfg = Release|Win32
		{DDD653F3-D44C-42DC-88C8-0A869F38F6BB}.Release|x86.Build.0 = Release|Win32
	EndGlobalSection
	GlobalSection(SolutionProperties) = preSolution
		HideSolutionNode = FALSE
	EndGlobalSection
EndGlobal
